
Microsoft Visual Studio Solution File, Format Version 12.00
# Visual Studio Version 17
VisualStudioVersion = 17.8.34525.116
MinimumVisualStudioVersion = 10.0.40219.1
Project("{FAE04EC0-301F-11D3-BF4B-00C04F79EFBC}") = "Week15OOP", "Week15OOP\Week15OOP.csproj", "{12F9EE05-3E13-443B-B764-A488A6B89BB9}"
EndProject
Global
	GlobalSection(SolutionConfigurationPlatforms) = preSolution
		Debug|Any CPU = Debug|Any CPU
		Release|Any CPU = Release|Any CPU
	EndGlobalSection
	GlobalSection(ProjectConfigurationPlatforms) = postSolution
		{12F9EE05-3E13-443B-B764-A488A6B89BB9}.Debug|Any CPU.ActiveCfg = Debug|Any CPU
		{12F9EE05-3E13-443B-B764-A488A6B89BB9}.Debug|Any CPU.Build.0 = Debug|Any CPU
		{12F9EE05-3E13-443B-B764-A488A6B89BB9}.Release|Any CPU.ActiveCfg = Release|Any CPU
		{12F9EE05-3E13-443B-B764-A488A6B89BB9}.Release|Any CPU.Build.0 = Release|Any CPU
	EndGlobalSection
	GlobalSection(SolutionProperties) = preSolution
		HideSolutionNode = FALSE
	EndGlobalSection
	GlobalSection(ExtensibilityGlobals) = postSolution
		SolutionGuid = {34CFD790-0F6C-4B08-9A19-EB00785E5FB7}
	EndGlobalSection
EndGlobal
